
Microsoft Visual Studio Solution File, Format Version 12.00
# Visual Studio Version 16
VisualStudioVersion = 16.0.29519.181
MinimumVisualStudioVersion = 10.0.40219.1
Project("{FAE04EC0-301F-11D3-BF4B-00C04F79EFBC}") = "GoodTechReads.Api.WebApi", "GoodTechReads.Api.WebApi\GoodTechReads.Api.WebApi.csproj", "{7646FB4A-C67E-4DD0-9B11-D67188CB7291}"
EndProject
Global
	GlobalSection(SolutionConfigurationPlatforms) = preSolution
		Debug|Any CPU = Debug|Any CPU
		Release|Any CPU = Release|Any CPU
	EndGlobalSection
	GlobalSection(ProjectConfigurationPlatforms) = postSolution
		{7646FB4A-C67E-4DD0-9B11-D67188CB7291}.Debug|Any CPU.ActiveCfg = Debug|Any CPU
		{7646FB4A-C67E-4DD0-9B11-D67188CB7291}.Debug|Any CPU.Build.0 = Debug|Any CPU
		{7646FB4A-C67E-4DD0-9B11-D67188CB7291}.Release|Any CPU.ActiveCfg = Release|Any CPU
		{7646FB4A-C67E-4DD0-9B11-D67188CB7291}.Release|Any CPU.Build.0 = Release|Any CPU
	EndGlobalSection
	GlobalSection(SolutionProperties) = preSolution
		HideSolutionNode = FALSE
	EndGlobalSection
	GlobalSection(ExtensibilityGlobals) = postSolution
		SolutionGuid = {885E334C-E518-4FC2-A8F1-BFFB2704DF81}
	EndGlobalSection
EndGlobal
